
Microsoft Visual Studio Solution File, Format Version 12.00
# Visual Studio Version 16
VisualStudioVersion = 16.0.30011.22
MinimumVisualStudioVersion = 10.0.40219.1
Project("{2150E333-8FDC-42A3-9474-1A3956D46DE8}") = "Solution Items", "Solution Items", "{A65042E1-D8BC-48DD-8DE1-F0991F07EA77}"
	ProjectSection(SolutionItems) = preProject
		.editorconfig = .editorconfig
		.travis.yml = .travis.yml
		appveyor.yml = appveyor.yml
		build.cake = build.cake
		build.cmd = build.cmd
		build.ps1 = build.ps1
		build.sh = build.sh
		CHANGES.txt = CHANGES.txt
		CONTRIBUTING.md = CONTRIBUTING.md
		GitVersion.yml = GitVersion.yml
		INSTALL.md = INSTALL.md
		LICENSE.txt = LICENSE.txt
		NOTICES.txt = NOTICES.txt
		NuGet.config = NuGet.config
		NUnitGuiDifferences.md = NUnitGuiDifferences.md
		README.md = README.md
		testcentric-gui.sln.licenseheader = testcentric-gui.sln.licenseheader
		src\testcentric.snk = src\testcentric.snk
	EndProjectSection
EndProject
Project("{2150E333-8FDC-42A3-9474-1A3956D46DE8}") = "GuiException", "GuiException", "{35A92AA3-A1E6-426E-8D96-322F3EBF1C8D}"
EndProject
Project("{FAE04EC0-301F-11D3-BF4B-00C04F79EFBC}") = "nunit.uiexception.dll", "src\GuiException\UiException\nunit.uiexception.dll.csproj", "{3E87A106-EB20-4147-84C8-95B0BB43A1D4}"
EndProject
Project("{2150E333-8FDC-42A3-9474-1A3956D46DE8}") = "TestModel", "TestModel", "{C68900CC-C4E4-48D5-A2AC-267726E75C60}"
EndProject
Project("{2150E333-8FDC-42A3-9474-1A3956D46DE8}") = "tests", "tests", "{0F939442-8450-41CF-8BB7-FAA00866F4E4}"
EndProject
Project("{FAE04EC0-301F-11D3-BF4B-00C04F79EFBC}") = "test-utilities", "src\tests\test-utilities\test-utilities.csproj", "{3E63AD0F-24D4-46BE-BEE4-5A3299847D86}"
EndProject
Project("{FAE04EC0-301F-11D3-BF4B-00C04F79EFBC}") = "mock-assembly", "src\tests\mock-assembly\mock-assembly.csproj", "{2E368281-3BA8-4050-B05E-0E0E43F8F446}"
EndProject
Project("{FAE04EC0-301F-11D3-BF4B-00C04F79EFBC}") = "TestCentric.Gui.Model.Tests", "src\TestModel\tests\TestCentric.Gui.Model.Tests.csproj", "{49D8D9F5-FD8D-4B4F-800C-68DCEE9AE166}"
EndProject
Project("{FAE04EC0-301F-11D3-BF4B-00C04F79EFBC}") = "nunit.uiexception.tests", "src\GuiException\tests\nunit.uiexception.tests.csproj", "{092486D0-6AB9-4134-932F-0FDA10704455}"
EndProject
Project("{FAE04EC0-301F-11D3-BF4B-00C04F79EFBC}") = "TestCentric.Gui.Model", "src\TestModel\model\TestCentric.Gui.Model.csproj", "{E978A8D7-E4A4-4DE9-94DF-D82BD764936B}"
EndProject
Project("{2150E333-8FDC-42A3-9474-1A3956D46DE8}") = "TestCentric", "TestCentric", "{26735BF4-848E-4B3D-BA4D-E1366986F5BD}"
EndProject
Project("{FAE04EC0-301F-11D3-BF4B-00C04F79EFBC}") = "TestCentric.Gui.Exe", "src\TestCentric\testcentric.exe\TestCentric.Gui.Exe.csproj", "{AAB186A4-FA3D-404D-AD78-7EB5BB861655}"
EndProject
Project("{2150E333-8FDC-42A3-9474-1A3956D46DE8}") = "choco", "choco", "{7A082D44-4669-485E-AB71-5475978EE240}"
	ProjectSection(SolutionItems) = preProject
		choco\testcentric-agent-x86.exe.ignore = choco\testcentric-agent-x86.exe.ignore
		choco\testcentric-agent.choco.addins = choco\testcentric-agent.choco.addins
		choco\testcentric-agent.exe.ignore = choco\testcentric-agent.exe.ignore
		choco\testcentric-gui.nuspec = choco\testcentric-gui.nuspec
		choco\testcentric.choco.addins = choco\testcentric.choco.addins
		choco\VERIFICATION.txt = choco\VERIFICATION.txt
	EndProjectSection
EndProject
Project("{FAE04EC0-301F-11D3-BF4B-00C04F79EFBC}") = "TestCentric.Gui.Tests", "src\TestCentric\tests\TestCentric.Gui.Tests.csproj", "{AAD27267-DE1F-4F61-A1FB-D1680A5B8001}"
EndProject
Project("{FAE04EC0-301F-11D3-BF4B-00C04F79EFBC}") = "TestCentric.Gui", "src\TestCentric\testcentric.gui\TestCentric.Gui.csproj", "{3FF340D5-D3B4-4DF0-BAF1-98B3C00B6148}"
EndProject
Project("{2150E333-8FDC-42A3-9474-1A3956D46DE8}") = "Common", "Common", "{0C0A29CA-1A18-4B1A-9262-F41C01E7E30F}"
EndProject
Project("{FAE04EC0-301F-11D3-BF4B-00C04F79EFBC}") = "TestCentric.Common", "src\Common\testcentric.common\TestCentric.Common.csproj", "{B69057F3-0663-4763-A3EC-50D463578B94}"
EndProject
Project("{2150E333-8FDC-42A3-9474-1A3956D46DE8}") = "Experimental", "Experimental", "{57B0C862-C6E4-42FA-9FFC-591CCA51FD27}"
EndProject
Project("{FAE04EC0-301F-11D3-BF4B-00C04F79EFBC}") = "Experimental.Gui", "src\Experimental\experimental-gui\Experimental.Gui.csproj", "{9E15166C-D2B7-4B24-AB1C-1C69FFCEC9D3}"
EndProject
Project("{FAE04EC0-301F-11D3-BF4B-00C04F79EFBC}") = "Experimental.Gui.Exe", "src\Experimental\experimental-exe\Experimental.Gui.Exe.csproj", "{D5556639-F04B-4389-92C8-E110D6688BA7}"
EndProject
Project("{FAE04EC0-301F-11D3-BF4B-00C04F79EFBC}") = "Experimental.Gui.Tests", "src\Experimental\tests\Experimental.Gui.Tests.csproj", "{96279B6C-981E-428F-B184-0831136ADD31}"
EndProject
Project("{FAE04EC0-301F-11D3-BF4B-00C04F79EFBC}") = "TestCentric.Gui.Components", "src\Common\components\TestCentric.Gui.Components.csproj", "{AC6DFB0E-C717-4FC4-B918-D6B789061212}"
EndProject
Project("{2150E333-8FDC-42A3-9474-1A3956D46DE8}") = "TestEngine", "TestEngine", "{EA14AF63-0F5D-4938-9C87-6EC67A961DB3}"
EndProject
Project("{FAE04EC0-301F-11D3-BF4B-00C04F79EFBC}") = "mock-assembly-v2", "src\tests\mock-assembly-v2\mock-assembly-v2.csproj", "{713E77FC-8CB1-46BC-93C8-33D1D302159C}"
EndProject
Project("{FAE04EC0-301F-11D3-BF4B-00C04F79EFBC}") = "TestCentric.Common.Tests", "src\Common\testcentric.common.tests\TestCentric.Common.Tests.csproj", "{59C1C5EF-78B3-4E26-9B49-3032C57DC6F8}"
EndProject
Project("{9A19103F-16F7-4668-BE54-9A1E7A4F7556}") = "mock-assembly", "src\TestEngine\mock-assembly\mock-assembly.csproj", "{4A110EEC-7C79-4B44-9F6C-38259366076D}"
EndProject
Project("{9A19103F-16F7-4668-BE54-9A1E7A4F7556}") = "notest-assembly", "src\TestEngine\notest-assembly\notest-assembly.csproj", "{79429F2F-F2AC-4829-97F4-B55FDD037D9D}"
EndProject
Project("{9A19103F-16F7-4668-BE54-9A1E7A4F7556}") = "testcentric.engine.core", "src\TestEngine\testcentric.engine.core\testcentric.engine.core.csproj", "{987B26C9-023D-4ECF-8A36-05F1B652B57F}"
EndProject
Project("{9A19103F-16F7-4668-BE54-9A1E7A4F7556}") = "testcentric.engine", "src\TestEngine\testcentric.engine\testcentric.engine.csproj", "{0BF010FE-FA9D-4131-A832-E88C12A131DD}"
EndProject
Project("{9A19103F-16F7-4668-BE54-9A1E7A4F7556}") = "testcentric.engine.tests", "src\TestEngine\testcentric.engine.tests\testcentric.engine.tests.csproj", "{6C0D9A1D-6BC5-4830-82C5-FCC3502776C4}"
EndProject
Project("{9A19103F-16F7-4668-BE54-9A1E7A4F7556}") = "testcentric.engine.core.tests", "src\TestEngine\testcentric.engine.core.tests\testcentric.engine.core.tests.csproj", "{5952A5E6-0F93-4A63-A1E4-62EDC47CF9E7}"
EndProject
Project("{9A19103F-16F7-4668-BE54-9A1E7A4F7556}") = "testcentric.engine.metadata", "src\TestEngine\testcentric.engine.metadata\testcentric.engine.metadata.csproj", "{F31DC0FC-241A-4208-8281-28A7874EA84B}"
EndProject
Project("{9A19103F-16F7-4668-BE54-9A1E7A4F7556}") = "testcentric-agent", "src\TestEngine\agents\testcentric-agent.csproj", "{0318C4A5-3664-4521-8A90-75F064000D74}"
EndProject
Project("{9A19103F-16F7-4668-BE54-9A1E7A4F7556}") = "testcentric-agent-x86", "src\TestEngine\agents\testcentric-agent-x86.csproj", "{8175BD4B-1994-4D4E-AE55-74B0C5689296}"
EndProject
Project("{2150E333-8FDC-42A3-9474-1A3956D46DE8}") = "nuget", "nuget", "{23ED18B0-608C-4CB5-A70E-CB95C8B0231C}"
	ProjectSection(SolutionItems) = preProject
		nuget\testcentric-agent.nuget.addins = nuget\testcentric-agent.nuget.addins
		nuget\TestCentric.GuiRunner.nuspec = nuget\TestCentric.GuiRunner.nuspec
		nuget\TestCentric.Metadata.nuspec = nuget\TestCentric.Metadata.nuspec
		nuget\testcentric.nuget.addins = nuget\testcentric.nuget.addins
	EndProjectSection
EndProject
Project("{2150E333-8FDC-42A3-9474-1A3956D46DE8}") = "build", "build", "{6C9280F6-6159-4E15-BDC6-F24A3A94F721}"
	ProjectSection(SolutionItems) = preProject
		build\packaging.cake = build\packaging.cake
		build\parameters.cake = build\parameters.cake
		build\test-results.cake = build\test-results.cake
		build\testing.cake = build\testing.cake
		build\versioning.cake = build\versioning.cake
		build\website.cake = build\website.cake
	EndProjectSection
EndProject
Project("{FAE04EC0-301F-11D3-BF4B-00C04F79EFBC}") = "mock-assembly-x86", "src\tests\mock-assembly-x86\mock-assembly-x86.csproj", "{80A66FA1-65B5-4AA5-B8BB-8908D0B04598}"
EndProject
Project("{2150E333-8FDC-42A3-9474-1A3956D46DE8}") = "zip", "zip", "{76D01D8E-B522-45D8-9835-B0F0FAE48A0A}"
	ProjectSection(SolutionItems) = preProject
		zip\testcentric-agent.zip.addins = zip\testcentric-agent.zip.addins
		zip\testcentric.zip.addins = zip\testcentric.zip.addins
	EndProjectSection
EndProject
Project("{FAE04EC0-301F-11D3-BF4B-00C04F79EFBC}") = "hung-tests", "src\tests\hung-tests\hung-tests.csproj", "{E55AD10E-A0CA-4689-B2E1-D2E452231586}"
EndProject
Global
	GlobalSection(SolutionConfigurationPlatforms) = preSolution
		Debug|Any CPU = Debug|Any CPU
		Release|Any CPU = Release|Any CPU
	EndGlobalSection
	GlobalSection(ProjectConfigurationPlatforms) = postSolution
		{3E87A106-EB20-4147-84C8-95B0BB43A1D4}.Debug|Any CPU.ActiveCfg = Debug|Any CPU
		{3E87A106-EB20-4147-84C8-95B0BB43A1D4}.Debug|Any CPU.Build.0 = Debug|Any CPU
		{3E87A106-EB20-4147-84C8-95B0BB43A1D4}.Release|Any CPU.ActiveCfg = Release|Any CPU
		{3E87A106-EB20-4147-84C8-95B0BB43A1D4}.Release|Any CPU.Build.0 = Release|Any CPU
		{3E63AD0F-24D4-46BE-BEE4-5A3299847D86}.Debug|Any CPU.ActiveCfg = Debug|Any CPU
		{3E63AD0F-24D4-46BE-BEE4-5A3299847D86}.Debug|Any CPU.Build.0 = Debug|Any CPU
		{3E63AD0F-24D4-46BE-BEE4-5A3299847D86}.Release|Any CPU.ActiveCfg = Release|Any CPU
		{3E63AD0F-24D4-46BE-BEE4-5A3299847D86}.Release|Any CPU.Build.0 = Release|Any CPU
		{2E368281-3BA8-4050-B05E-0E0E43F8F446}.Debug|Any CPU.ActiveCfg = Debug|Any CPU
		{2E368281-3BA8-4050-B05E-0E0E43F8F446}.Debug|Any CPU.Build.0 = Debug|Any CPU
		{2E368281-3BA8-4050-B05E-0E0E43F8F446}.Release|Any CPU.ActiveCfg = Release|Any CPU
		{2E368281-3BA8-4050-B05E-0E0E43F8F446}.Release|Any CPU.Build.0 = Release|Any CPU
		{49D8D9F5-FD8D-4B4F-800C-68DCEE9AE166}.Debug|Any CPU.ActiveCfg = Debug|Any CPU
		{49D8D9F5-FD8D-4B4F-800C-68DCEE9AE166}.Debug|Any CPU.Build.0 = Debug|Any CPU
		{49D8D9F5-FD8D-4B4F-800C-68DCEE9AE166}.Release|Any CPU.ActiveCfg = Release|Any CPU
		{49D8D9F5-FD8D-4B4F-800C-68DCEE9AE166}.Release|Any CPU.Build.0 = Release|Any CPU
		{092486D0-6AB9-4134-932F-0FDA10704455}.Debug|Any CPU.ActiveCfg = Debug|Any CPU
		{092486D0-6AB9-4134-932F-0FDA10704455}.Debug|Any CPU.Build.0 = Debug|Any CPU
		{092486D0-6AB9-4134-932F-0FDA10704455}.Release|Any CPU.ActiveCfg = Release|Any CPU
		{092486D0-6AB9-4134-932F-0FDA10704455}.Release|Any CPU.Build.0 = Release|Any CPU
		{E978A8D7-E4A4-4DE9-94DF-D82BD764936B}.Debug|Any CPU.ActiveCfg = Debug|Any CPU
		{E978A8D7-E4A4-4DE9-94DF-D82BD764936B}.Debug|Any CPU.Build.0 = Debug|Any CPU
		{E978A8D7-E4A4-4DE9-94DF-D82BD764936B}.Release|Any CPU.ActiveCfg = Release|Any CPU
		{E978A8D7-E4A4-4DE9-94DF-D82BD764936B}.Release|Any CPU.Build.0 = Release|Any CPU
		{AAB186A4-FA3D-404D-AD78-7EB5BB861655}.Debug|Any CPU.ActiveCfg = Debug|Any CPU
		{AAB186A4-FA3D-404D-AD78-7EB5BB861655}.Debug|Any CPU.Build.0 = Debug|Any CPU
		{AAB186A4-FA3D-404D-AD78-7EB5BB861655}.Release|Any CPU.ActiveCfg = Release|Any CPU
		{AAB186A4-FA3D-404D-AD78-7EB5BB861655}.Release|Any CPU.Build.0 = Release|Any CPU
		{AAD27267-DE1F-4F61-A1FB-D1680A5B8001}.Debug|Any CPU.ActiveCfg = Debug|Any CPU
		{AAD27267-DE1F-4F61-A1FB-D1680A5B8001}.Debug|Any CPU.Build.0 = Debug|Any CPU
		{AAD27267-DE1F-4F61-A1FB-D1680A5B8001}.Release|Any CPU.ActiveCfg = Release|Any CPU
		{AAD27267-DE1F-4F61-A1FB-D1680A5B8001}.Release|Any CPU.Build.0 = Release|Any CPU
		{3FF340D5-D3B4-4DF0-BAF1-98B3C00B6148}.Debug|Any CPU.ActiveCfg = Debug|Any CPU
		{3FF340D5-D3B4-4DF0-BAF1-98B3C00B6148}.Debug|Any CPU.Build.0 = Debug|Any CPU
		{3FF340D5-D3B4-4DF0-BAF1-98B3C00B6148}.Release|Any CPU.ActiveCfg = Release|Any CPU
		{3FF340D5-D3B4-4DF0-BAF1-98B3C00B6148}.Release|Any CPU.Build.0 = Release|Any CPU
		{B69057F3-0663-4763-A3EC-50D463578B94}.Debug|Any CPU.ActiveCfg = Debug|Any CPU
		{B69057F3-0663-4763-A3EC-50D463578B94}.Debug|Any CPU.Build.0 = Debug|Any CPU
		{B69057F3-0663-4763-A3EC-50D463578B94}.Release|Any CPU.ActiveCfg = Release|Any CPU
		{B69057F3-0663-4763-A3EC-50D463578B94}.Release|Any CPU.Build.0 = Release|Any CPU
		{9E15166C-D2B7-4B24-AB1C-1C69FFCEC9D3}.Debug|Any CPU.ActiveCfg = Debug|Any CPU
		{9E15166C-D2B7-4B24-AB1C-1C69FFCEC9D3}.Debug|Any CPU.Build.0 = Debug|Any CPU
		{9E15166C-D2B7-4B24-AB1C-1C69FFCEC9D3}.Release|Any CPU.ActiveCfg = Release|Any CPU
		{9E15166C-D2B7-4B24-AB1C-1C69FFCEC9D3}.Release|Any CPU.Build.0 = Release|Any CPU
		{D5556639-F04B-4389-92C8-E110D6688BA7}.Debug|Any CPU.ActiveCfg = Debug|Any CPU
		{D5556639-F04B-4389-92C8-E110D6688BA7}.Debug|Any CPU.Build.0 = Debug|Any CPU
		{D5556639-F04B-4389-92C8-E110D6688BA7}.Release|Any CPU.ActiveCfg = Release|Any CPU
		{D5556639-F04B-4389-92C8-E110D6688BA7}.Release|Any CPU.Build.0 = Release|Any CPU
		{96279B6C-981E-428F-B184-0831136ADD31}.Debug|Any CPU.ActiveCfg = Debug|Any CPU
		{96279B6C-981E-428F-B184-0831136ADD31}.Debug|Any CPU.Build.0 = Debug|Any CPU
		{96279B6C-981E-428F-B184-0831136ADD31}.Release|Any CPU.ActiveCfg = Release|Any CPU
		{96279B6C-981E-428F-B184-0831136ADD31}.Release|Any CPU.Build.0 = Release|Any CPU
		{AC6DFB0E-C717-4FC4-B918-D6B789061212}.Debug|Any CPU.ActiveCfg = Debug|Any CPU
		{AC6DFB0E-C717-4FC4-B918-D6B789061212}.Debug|Any CPU.Build.0 = Debug|Any CPU
		{AC6DFB0E-C717-4FC4-B918-D6B789061212}.Release|Any CPU.ActiveCfg = Release|Any CPU
		{AC6DFB0E-C717-4FC4-B918-D6B789061212}.Release|Any CPU.Build.0 = Release|Any CPU
		{713E77FC-8CB1-46BC-93C8-33D1D302159C}.Debug|Any CPU.ActiveCfg = Debug|Any CPU
		{713E77FC-8CB1-46BC-93C8-33D1D302159C}.Debug|Any CPU.Build.0 = Debug|Any CPU
		{713E77FC-8CB1-46BC-93C8-33D1D302159C}.Release|Any CPU.ActiveCfg = Release|Any CPU
		{713E77FC-8CB1-46BC-93C8-33D1D302159C}.Release|Any CPU.Build.0 = Release|Any CPU
		{59C1C5EF-78B3-4E26-9B49-3032C57DC6F8}.Debug|Any CPU.ActiveCfg = Debug|Any CPU
		{59C1C5EF-78B3-4E26-9B49-3032C57DC6F8}.Debug|Any CPU.Build.0 = Debug|Any CPU
		{59C1C5EF-78B3-4E26-9B49-3032C57DC6F8}.Release|Any CPU.ActiveCfg = Release|Any CPU
		{59C1C5EF-78B3-4E26-9B49-3032C57DC6F8}.Release|Any CPU.Build.0 = Release|Any CPU
		{4A110EEC-7C79-4B44-9F6C-38259366076D}.Debug|Any CPU.ActiveCfg = Debug|Any CPU
		{4A110EEC-7C79-4B44-9F6C-38259366076D}.Debug|Any CPU.Build.0 = Debug|Any CPU
		{4A110EEC-7C79-4B44-9F6C-38259366076D}.Release|Any CPU.ActiveCfg = Release|Any CPU
		{4A110EEC-7C79-4B44-9F6C-38259366076D}.Release|Any CPU.Build.0 = Release|Any CPU
		{79429F2F-F2AC-4829-97F4-B55FDD037D9D}.Debug|Any CPU.ActiveCfg = Debug|Any CPU
		{79429F2F-F2AC-4829-97F4-B55FDD037D9D}.Debug|Any CPU.Build.0 = Debug|Any CPU
		{79429F2F-F2AC-4829-97F4-B55FDD037D9D}.Release|Any CPU.ActiveCfg = Release|Any CPU
		{79429F2F-F2AC-4829-97F4-B55FDD037D9D}.Release|Any CPU.Build.0 = Release|Any CPU
		{987B26C9-023D-4ECF-8A36-05F1B652B57F}.Debug|Any CPU.ActiveCfg = Debug|Any CPU
		{987B26C9-023D-4ECF-8A36-05F1B652B57F}.Debug|Any CPU.Build.0 = Debug|Any CPU
		{987B26C9-023D-4ECF-8A36-05F1B652B57F}.Release|Any CPU.ActiveCfg = Release|Any CPU
		{987B26C9-023D-4ECF-8A36-05F1B652B57F}.Release|Any CPU.Build.0 = Release|Any CPU
		{0BF010FE-FA9D-4131-A832-E88C12A131DD}.Debug|Any CPU.ActiveCfg = Debug|Any CPU
		{0BF010FE-FA9D-4131-A832-E88C12A131DD}.Debug|Any CPU.Build.0 = Debug|Any CPU
		{0BF010FE-FA9D-4131-A832-E88C12A131DD}.Release|Any CPU.ActiveCfg = Release|Any CPU
		{0BF010FE-FA9D-4131-A832-E88C12A131DD}.Release|Any CPU.Build.0 = Release|Any CPU
		{6C0D9A1D-6BC5-4830-82C5-FCC3502776C4}.Debug|Any CPU.ActiveCfg = Debug|Any CPU
		{6C0D9A1D-6BC5-4830-82C5-FCC3502776C4}.Debug|Any CPU.Build.0 = Debug|Any CPU
		{6C0D9A1D-6BC5-4830-82C5-FCC3502776C4}.Release|Any CPU.ActiveCfg = Release|Any CPU
		{6C0D9A1D-6BC5-4830-82C5-FCC3502776C4}.Release|Any CPU.Build.0 = Release|Any CPU
		{5952A5E6-0F93-4A63-A1E4-62EDC47CF9E7}.Debug|Any CPU.ActiveCfg = Debug|Any CPU
		{5952A5E6-0F93-4A63-A1E4-62EDC47CF9E7}.Debug|Any CPU.Build.0 = Debug|Any CPU
		{5952A5E6-0F93-4A63-A1E4-62EDC47CF9E7}.Release|Any CPU.ActiveCfg = Release|Any CPU
		{5952A5E6-0F93-4A63-A1E4-62EDC47CF9E7}.Release|Any CPU.Build.0 = Release|Any CPU
		{F31DC0FC-241A-4208-8281-28A7874EA84B}.Debug|Any CPU.ActiveCfg = Debug|Any CPU
		{F31DC0FC-241A-4208-8281-28A7874EA84B}.Debug|Any CPU.Build.0 = Debug|Any CPU
		{F31DC0FC-241A-4208-8281-28A7874EA84B}.Release|Any CPU.ActiveCfg = Release|Any CPU
		{F31DC0FC-241A-4208-8281-28A7874EA84B}.Release|Any CPU.Build.0 = Release|Any CPU
		{0318C4A5-3664-4521-8A90-75F064000D74}.Debug|Any CPU.ActiveCfg = Debug|Any CPU
		{0318C4A5-3664-4521-8A90-75F064000D74}.Debug|Any CPU.Build.0 = Debug|Any CPU
		{0318C4A5-3664-4521-8A90-75F064000D74}.Release|Any CPU.ActiveCfg = Release|Any CPU
		{0318C4A5-3664-4521-8A90-75F064000D74}.Release|Any CPU.Build.0 = Release|Any CPU
		{8175BD4B-1994-4D4E-AE55-74B0C5689296}.Debug|Any CPU.ActiveCfg = Debug|Any CPU
		{8175BD4B-1994-4D4E-AE55-74B0C5689296}.Debug|Any CPU.Build.0 = Debug|Any CPU
		{8175BD4B-1994-4D4E-AE55-74B0C5689296}.Release|Any CPU.ActiveCfg = Release|Any CPU
		{8175BD4B-1994-4D4E-AE55-74B0C5689296}.Release|Any CPU.Build.0 = Release|Any CPU
		{80A66FA1-65B5-4AA5-B8BB-8908D0B04598}.Debug|Any CPU.ActiveCfg = Debug|Any CPU
		{80A66FA1-65B5-4AA5-B8BB-8908D0B04598}.Debug|Any CPU.Build.0 = Debug|Any CPU
		{80A66FA1-65B5-4AA5-B8BB-8908D0B04598}.Release|Any CPU.ActiveCfg = Release|Any CPU
		{80A66FA1-65B5-4AA5-B8BB-8908D0B04598}.Release|Any CPU.Build.0 = Release|Any CPU
		{E55AD10E-A0CA-4689-B2E1-D2E452231586}.Debug|Any CPU.ActiveCfg = Debug|Any CPU
		{E55AD10E-A0CA-4689-B2E1-D2E452231586}.Debug|Any CPU.Build.0 = Debug|Any CPU
		{E55AD10E-A0CA-4689-B2E1-D2E452231586}.Release|Any CPU.ActiveCfg = Release|Any CPU
		{E55AD10E-A0CA-4689-B2E1-D2E452231586}.Release|Any CPU.Build.0 = Release|Any CPU
	EndGlobalSection
	GlobalSection(SolutionProperties) = preSolution
		HideSolutionNode = FALSE
	EndGlobalSection
	GlobalSection(NestedProjects) = preSolution
		{3E87A106-EB20-4147-84C8-95B0BB43A1D4} = {35A92AA3-A1E6-426E-8D96-322F3EBF1C8D}
		{3E63AD0F-24D4-46BE-BEE4-5A3299847D86} = {0F939442-8450-41CF-8BB7-FAA00866F4E4}
		{2E368281-3BA8-4050-B05E-0E0E43F8F446} = {0F939442-8450-41CF-8BB7-FAA00866F4E4}
		{49D8D9F5-FD8D-4B4F-800C-68DCEE9AE166} = {C68900CC-C4E4-48D5-A2AC-267726E75C60}
		{092486D0-6AB9-4134-932F-0FDA10704455} = {35A92AA3-A1E6-426E-8D96-322F3EBF1C8D}
		{E978A8D7-E4A4-4DE9-94DF-D82BD764936B} = {C68900CC-C4E4-48D5-A2AC-267726E75C60}
		{AAB186A4-FA3D-404D-AD78-7EB5BB861655} = {26735BF4-848E-4B3D-BA4D-E1366986F5BD}
		{7A082D44-4669-485E-AB71-5475978EE240} = {A65042E1-D8BC-48DD-8DE1-F0991F07EA77}
		{AAD27267-DE1F-4F61-A1FB-D1680A5B8001} = {26735BF4-848E-4B3D-BA4D-E1366986F5BD}
		{3FF340D5-D3B4-4DF0-BAF1-98B3C00B6148} = {26735BF4-848E-4B3D-BA4D-E1366986F5BD}
		{B69057F3-0663-4763-A3EC-50D463578B94} = {0C0A29CA-1A18-4B1A-9262-F41C01E7E30F}
		{9E15166C-D2B7-4B24-AB1C-1C69FFCEC9D3} = {57B0C862-C6E4-42FA-9FFC-591CCA51FD27}
		{D5556639-F04B-4389-92C8-E110D6688BA7} = {57B0C862-C6E4-42FA-9FFC-591CCA51FD27}
		{96279B6C-981E-428F-B184-0831136ADD31} = {57B0C862-C6E4-42FA-9FFC-591CCA51FD27}
		{AC6DFB0E-C717-4FC4-B918-D6B789061212} = {0C0A29CA-1A18-4B1A-9262-F41C01E7E30F}
		{713E77FC-8CB1-46BC-93C8-33D1D302159C} = {0F939442-8450-41CF-8BB7-FAA00866F4E4}
		{59C1C5EF-78B3-4E26-9B49-3032C57DC6F8} = {0C0A29CA-1A18-4B1A-9262-F41C01E7E30F}
		{4A110EEC-7C79-4B44-9F6C-38259366076D} = {EA14AF63-0F5D-4938-9C87-6EC67A961DB3}
		{79429F2F-F2AC-4829-97F4-B55FDD037D9D} = {EA14AF63-0F5D-4938-9C87-6EC67A961DB3}
		{987B26C9-023D-4ECF-8A36-05F1B652B57F} = {EA14AF63-0F5D-4938-9C87-6EC67A961DB3}
		{0BF010FE-FA9D-4131-A832-E88C12A131DD} = {EA14AF63-0F5D-4938-9C87-6EC67A961DB3}
		{6C0D9A1D-6BC5-4830-82C5-FCC3502776C4} = {EA14AF63-0F5D-4938-9C87-6EC67A961DB3}
		{5952A5E6-0F93-4A63-A1E4-62EDC47CF9E7} = {EA14AF63-0F5D-4938-9C87-6EC67A961DB3}
		{F31DC0FC-241A-4208-8281-28A7874EA84B} = {EA14AF63-0F5D-4938-9C87-6EC67A961DB3}
		{0318C4A5-3664-4521-8A90-75F064000D74} = {EA14AF63-0F5D-4938-9C87-6EC67A961DB3}
		{8175BD4B-1994-4D4E-AE55-74B0C5689296} = {EA14AF63-0F5D-4938-9C87-6EC67A961DB3}
		{23ED18B0-608C-4CB5-A70E-CB95C8B0231C} = {A65042E1-D8BC-48DD-8DE1-F0991F07EA77}
		{6C9280F6-6159-4E15-BDC6-F24A3A94F721} = {A65042E1-D8BC-48DD-8DE1-F0991F07EA77}
		{80A66FA1-65B5-4AA5-B8BB-8908D0B04598} = {0F939442-8450-41CF-8BB7-FAA00866F4E4}
		{76D01D8E-B522-45D8-9835-B0F0FAE48A0A} = {A65042E1-D8BC-48DD-8DE1-F0991F07EA77}
		{E55AD10E-A0CA-4689-B2E1-D2E452231586} = {0F939442-8450-41CF-8BB7-FAA00866F4E4}
	EndGlobalSection
	GlobalSection(ExtensibilityGlobals) = postSolution
		SolutionGuid = {CDFF439B-8888-4133-8734-86F4F899BC40}
	EndGlobalSection
	GlobalSection(MonoDevelopProperties) = preSolution
		StartupItem = src\ConsoleRunner\nunit-console-exe\nunit-console.exe.csproj
		Policies = $0
		$0.TextStylePolicy = $1
		$1.FileWidth = 80
		$1.TabsToSpaces = True
		$1.scope = text/x-csharp
		$0.CSharpFormattingPolicy = $2
		$2.scope = text/x-csharp
	EndGlobalSection
EndGlobal
