
Microsoft Visual Studio Solution File, Format Version 12.00
# Visual Studio Version 17
VisualStudioVersion = 17.1.32228.430
MinimumVisualStudioVersion = 10.0.40219.1
Project("{2150E333-8FDC-42A3-9474-1A3956D46DE8}") = "Solution Items", "Solution Items", "{A65042E1-D8BC-48DD-8DE1-F0991F07EA77}"
	ProjectSection(SolutionItems) = preProject
		.editorconfig = .editorconfig
		.travis.yml = .travis.yml
		appveyor.yml = appveyor.yml
		build.cake = build.cake
		build.cmd = build.cmd
		build.ps1 = build.ps1
		build.sh = build.sh
		GitReleaseManager.yaml = GitReleaseManager.yaml
		GitVersion.yml = GitVersion.yml
		INSTALL.md = INSTALL.md
		LICENSE.txt = LICENSE.txt
		NuGet.config = NuGet.config
		README.md = README.md
		src\testcentric.snk = src\testcentric.snk
	EndProjectSection
EndProject
Project("{2150E333-8FDC-42A3-9474-1A3956D46DE8}") = "TestEngine", "TestEngine", "{EA14AF63-0F5D-4938-9C87-6EC67A961DB3}"
EndProject
Project("{9A19103F-16F7-4668-BE54-9A1E7A4F7556}") = "mock-assembly", "src\TestEngine\mock-assembly\mock-assembly.csproj", "{4A110EEC-7C79-4B44-9F6C-38259366076D}"
EndProject
Project("{9A19103F-16F7-4668-BE54-9A1E7A4F7556}") = "notest-assembly", "src\TestEngine\notest-assembly\notest-assembly.csproj", "{79429F2F-F2AC-4829-97F4-B55FDD037D9D}"
EndProject
Project("{9A19103F-16F7-4668-BE54-9A1E7A4F7556}") = "testcentric.engine.core", "src\TestEngine\testcentric.engine.core\testcentric.engine.core.csproj", "{987B26C9-023D-4ECF-8A36-05F1B652B57F}"
EndProject
Project("{9A19103F-16F7-4668-BE54-9A1E7A4F7556}") = "testcentric.engine", "src\TestEngine\testcentric.engine\testcentric.engine.csproj", "{0BF010FE-FA9D-4131-A832-E88C12A131DD}"
EndProject
Project("{9A19103F-16F7-4668-BE54-9A1E7A4F7556}") = "testcentric.engine.tests", "src\TestEngine\testcentric.engine.tests\testcentric.engine.tests.csproj", "{6C0D9A1D-6BC5-4830-82C5-FCC3502776C4}"
EndProject
Project("{9A19103F-16F7-4668-BE54-9A1E7A4F7556}") = "testcentric.engine.core.tests", "src\TestEngine\testcentric.engine.core.tests\testcentric.engine.core.tests.csproj", "{5952A5E6-0F93-4A63-A1E4-62EDC47CF9E7}"
EndProject
Project("{2150E333-8FDC-42A3-9474-1A3956D46DE8}") = "nuget", "nuget", "{23ED18B0-608C-4CB5-A70E-CB95C8B0231C}"
	ProjectSection(SolutionItems) = preProject
		nuget\testcentric-agent.nuget.addins = nuget\testcentric-agent.nuget.addins
		nuget\TestCentric.Engine.Api.nuspec = nuget\TestCentric.Engine.Api.nuspec
		nuget\TestCentric.Engine.Core.nuspec = nuget\TestCentric.Engine.Core.nuspec
		nuget\TestCentric.Engine.nuspec = nuget\TestCentric.Engine.nuspec
		nuget\testcentric.nuget.addins = nuget\testcentric.nuget.addins
	EndProjectSection
EndProject
Project("{2150E333-8FDC-42A3-9474-1A3956D46DE8}") = "cake", "cake", "{6C9280F6-6159-4E15-BDC6-F24A3A94F721}"
	ProjectSection(SolutionItems) = preProject
		cake\build-settings.cake = cake\build-settings.cake
		cake\check-headers.cake = cake\check-headers.cake
		cake\package-checks.cake = cake\package-checks.cake
		cake\package-definitions.cake = cake\package-definitions.cake
		cake\package-tests.cake = cake\package-tests.cake
		cake\packaging.cake = cake\packaging.cake
		cake\publishing.cake = cake\publishing.cake
		cake\releasing.cake = cake\releasing.cake
		cake\test-reports.cake = cake\test-reports.cake
		cake\test-results.cake = cake\test-results.cake
		cake\testcentric-gui.cake = cake\testcentric-gui.cake
		cake\utilities.cake = cake\utilities.cake
		cake\versioning.cake = cake\versioning.cake
	EndProjectSection
EndProject
Project("{2150E333-8FDC-42A3-9474-1A3956D46DE8}") = "Agents", "Agents", "{804797D1-A019-4846-9295-F2F409434B43}"
EndProject
Project("{9A19103F-16F7-4668-BE54-9A1E7A4F7556}") = "testcentric-agent", "src\TestEngine\Agents\testcentric-agent\testcentric-agent.csproj", "{68DC97D4-3B2D-46FA-B6F9-A9A052C2EBA7}"
EndProject
Project("{9A19103F-16F7-4668-BE54-9A1E7A4F7556}") = "testcentric-agent-x86", "src\TestEngine\Agents\testcentric-agent-x86\testcentric-agent-x86.csproj", "{93069114-A4EB-4ED6-A65D-CD0718A5171F}"
EndProject
Project("{9A19103F-16F7-4668-BE54-9A1E7A4F7556}") = "testcentric.engine.api", "src\TestEngine\testcentric.engine.api\testcentric.engine.api.csproj", "{58918B08-2D50-4044-8AF9-586B9B48DACF}"
EndProject
Project("{2150E333-8FDC-42A3-9474-1A3956D46DE8}") = "build", "build", "{4ED698DF-CE5D-4A52-B103-9F350DEAC03F}"
	ProjectSection(SolutionItems) = preProject
		nuget\build\TestCentric.Engine.targets = nuget\build\TestCentric.Engine.targets
	EndProjectSection
EndProject
Project("{2150E333-8FDC-42A3-9474-1A3956D46DE8}") = "TestBed", "TestBed", "{13AD1B51-4961-4ED5-8D22-6BF50F2EBECF}"
	ProjectSection(SolutionItems) = preProject
		src\TestBed\test-bed.addins = src\TestBed\test-bed.addins
		src\TestBed\TestProject.nunit = src\TestBed\TestProject.nunit
	EndProjectSection
EndProject
Project("{9A19103F-16F7-4668-BE54-9A1E7A4F7556}") = "test-engine-test-bed", "src\TestBed\test-engine-test-bed.csproj", "{CD4C6A60-FA53-42A0-97D5-A0415FB19128}"
EndProject
Project("{9A19103F-16F7-4668-BE54-9A1E7A4F7556}") = "hung-tests", "src\TestEngine\hung-tests\hung-tests.csproj", "{CE239574-9291-41D8-8D82-2B605714DD6C}"
EndProject
Project("{9A19103F-16F7-4668-BE54-9A1E7A4F7556}") = "v2-test-assembly", "src\TestEngine\v2-test-assembly\v2-test-assembly.csproj", "{B6D3AEAE-ECDA-4047-A9BA-CC6DA3EBEDF8}"
EndProject
Project("{9A19103F-16F7-4668-BE54-9A1E7A4F7556}") = "testcentric.extensibility", "src\TestEngine\testcentric.extensibility\testcentric.extensibility.csproj", "{484211DA-BEE5-4A57-B8A7-F3A93214578D}"
EndProject
Project("{9A19103F-16F7-4668-BE54-9A1E7A4F7556}") = "testcentric.extensibility.tests", "src\TestEngine\testcentric.extensibility.tests\testcentric.extensibility.tests.csproj", "{258D6BB8-9819-40A9-AA93-588DE871EBD8}"
EndProject
Project("{9A19103F-16F7-4668-BE54-9A1E7A4F7556}") = "aspnetcore-test", "src\TestEngine\aspnetcore-test\aspnetcore-test.csproj", "{6100F27F-D346-4F18-841E-EEA2BD2CC08E}"
EndProject
Project("{9A19103F-16F7-4668-BE54-9A1E7A4F7556}") = "windows-forms-test", "src\TestEngine\windows-forms-test\windows-forms-test.csproj", "{81412379-ABD5-4079-A32A-1C887FA74674}"
EndProject
Global
	GlobalSection(SolutionConfigurationPlatforms) = preSolution
		Debug|Any CPU = Debug|Any CPU
		Release|Any CPU = Release|Any CPU
	EndGlobalSection
	GlobalSection(ProjectConfigurationPlatforms) = postSolution
		{4A110EEC-7C79-4B44-9F6C-38259366076D}.Debug|Any CPU.ActiveCfg = Debug|Any CPU
		{4A110EEC-7C79-4B44-9F6C-38259366076D}.Debug|Any CPU.Build.0 = Debug|Any CPU
		{4A110EEC-7C79-4B44-9F6C-38259366076D}.Release|Any CPU.ActiveCfg = Release|Any CPU
		{4A110EEC-7C79-4B44-9F6C-38259366076D}.Release|Any CPU.Build.0 = Release|Any CPU
		{79429F2F-F2AC-4829-97F4-B55FDD037D9D}.Debug|Any CPU.ActiveCfg = Debug|Any CPU
		{79429F2F-F2AC-4829-97F4-B55FDD037D9D}.Debug|Any CPU.Build.0 = Debug|Any CPU
		{79429F2F-F2AC-4829-97F4-B55FDD037D9D}.Release|Any CPU.ActiveCfg = Release|Any CPU
		{79429F2F-F2AC-4829-97F4-B55FDD037D9D}.Release|Any CPU.Build.0 = Release|Any CPU
		{987B26C9-023D-4ECF-8A36-05F1B652B57F}.Debug|Any CPU.ActiveCfg = Debug|Any CPU
		{987B26C9-023D-4ECF-8A36-05F1B652B57F}.Debug|Any CPU.Build.0 = Debug|Any CPU
		{987B26C9-023D-4ECF-8A36-05F1B652B57F}.Release|Any CPU.ActiveCfg = Release|Any CPU
		{987B26C9-023D-4ECF-8A36-05F1B652B57F}.Release|Any CPU.Build.0 = Release|Any CPU
		{0BF010FE-FA9D-4131-A832-E88C12A131DD}.Debug|Any CPU.ActiveCfg = Debug|Any CPU
		{0BF010FE-FA9D-4131-A832-E88C12A131DD}.Debug|Any CPU.Build.0 = Debug|Any CPU
		{0BF010FE-FA9D-4131-A832-E88C12A131DD}.Release|Any CPU.ActiveCfg = Release|Any CPU
		{0BF010FE-FA9D-4131-A832-E88C12A131DD}.Release|Any CPU.Build.0 = Release|Any CPU
		{6C0D9A1D-6BC5-4830-82C5-FCC3502776C4}.Debug|Any CPU.ActiveCfg = Debug|Any CPU
		{6C0D9A1D-6BC5-4830-82C5-FCC3502776C4}.Debug|Any CPU.Build.0 = Debug|Any CPU
		{6C0D9A1D-6BC5-4830-82C5-FCC3502776C4}.Release|Any CPU.ActiveCfg = Release|Any CPU
		{6C0D9A1D-6BC5-4830-82C5-FCC3502776C4}.Release|Any CPU.Build.0 = Release|Any CPU
		{5952A5E6-0F93-4A63-A1E4-62EDC47CF9E7}.Debug|Any CPU.ActiveCfg = Debug|Any CPU
		{5952A5E6-0F93-4A63-A1E4-62EDC47CF9E7}.Debug|Any CPU.Build.0 = Debug|Any CPU
		{5952A5E6-0F93-4A63-A1E4-62EDC47CF9E7}.Release|Any CPU.ActiveCfg = Release|Any CPU
		{5952A5E6-0F93-4A63-A1E4-62EDC47CF9E7}.Release|Any CPU.Build.0 = Release|Any CPU
		{68DC97D4-3B2D-46FA-B6F9-A9A052C2EBA7}.Debug|Any CPU.ActiveCfg = Debug|Any CPU
		{68DC97D4-3B2D-46FA-B6F9-A9A052C2EBA7}.Debug|Any CPU.Build.0 = Debug|Any CPU
		{68DC97D4-3B2D-46FA-B6F9-A9A052C2EBA7}.Release|Any CPU.ActiveCfg = Release|Any CPU
		{68DC97D4-3B2D-46FA-B6F9-A9A052C2EBA7}.Release|Any CPU.Build.0 = Release|Any CPU
		{93069114-A4EB-4ED6-A65D-CD0718A5171F}.Debug|Any CPU.ActiveCfg = Debug|Any CPU
		{93069114-A4EB-4ED6-A65D-CD0718A5171F}.Debug|Any CPU.Build.0 = Debug|Any CPU
		{93069114-A4EB-4ED6-A65D-CD0718A5171F}.Release|Any CPU.ActiveCfg = Release|Any CPU
		{93069114-A4EB-4ED6-A65D-CD0718A5171F}.Release|Any CPU.Build.0 = Release|Any CPU
		{58918B08-2D50-4044-8AF9-586B9B48DACF}.Debug|Any CPU.ActiveCfg = Debug|Any CPU
		{58918B08-2D50-4044-8AF9-586B9B48DACF}.Debug|Any CPU.Build.0 = Debug|Any CPU
		{58918B08-2D50-4044-8AF9-586B9B48DACF}.Release|Any CPU.ActiveCfg = Release|Any CPU
		{58918B08-2D50-4044-8AF9-586B9B48DACF}.Release|Any CPU.Build.0 = Release|Any CPU
		{CD4C6A60-FA53-42A0-97D5-A0415FB19128}.Debug|Any CPU.ActiveCfg = Debug|Any CPU
		{CD4C6A60-FA53-42A0-97D5-A0415FB19128}.Debug|Any CPU.Build.0 = Debug|Any CPU
		{CD4C6A60-FA53-42A0-97D5-A0415FB19128}.Release|Any CPU.ActiveCfg = Release|Any CPU
		{CD4C6A60-FA53-42A0-97D5-A0415FB19128}.Release|Any CPU.Build.0 = Release|Any CPU
		{CE239574-9291-41D8-8D82-2B605714DD6C}.Debug|Any CPU.ActiveCfg = Debug|Any CPU
		{CE239574-9291-41D8-8D82-2B605714DD6C}.Debug|Any CPU.Build.0 = Debug|Any CPU
		{CE239574-9291-41D8-8D82-2B605714DD6C}.Release|Any CPU.ActiveCfg = Release|Any CPU
		{CE239574-9291-41D8-8D82-2B605714DD6C}.Release|Any CPU.Build.0 = Release|Any CPU
		{B6D3AEAE-ECDA-4047-A9BA-CC6DA3EBEDF8}.Debug|Any CPU.ActiveCfg = Debug|Any CPU
		{B6D3AEAE-ECDA-4047-A9BA-CC6DA3EBEDF8}.Debug|Any CPU.Build.0 = Debug|Any CPU
		{B6D3AEAE-ECDA-4047-A9BA-CC6DA3EBEDF8}.Release|Any CPU.ActiveCfg = Release|Any CPU
		{B6D3AEAE-ECDA-4047-A9BA-CC6DA3EBEDF8}.Release|Any CPU.Build.0 = Release|Any CPU
		{484211DA-BEE5-4A57-B8A7-F3A93214578D}.Debug|Any CPU.ActiveCfg = Debug|Any CPU
		{484211DA-BEE5-4A57-B8A7-F3A93214578D}.Debug|Any CPU.Build.0 = Debug|Any CPU
		{484211DA-BEE5-4A57-B8A7-F3A93214578D}.Release|Any CPU.ActiveCfg = Release|Any CPU
		{484211DA-BEE5-4A57-B8A7-F3A93214578D}.Release|Any CPU.Build.0 = Release|Any CPU
		{258D6BB8-9819-40A9-AA93-588DE871EBD8}.Debug|Any CPU.ActiveCfg = Debug|Any CPU
		{258D6BB8-9819-40A9-AA93-588DE871EBD8}.Debug|Any CPU.Build.0 = Debug|Any CPU
		{258D6BB8-9819-40A9-AA93-588DE871EBD8}.Release|Any CPU.ActiveCfg = Release|Any CPU
		{258D6BB8-9819-40A9-AA93-588DE871EBD8}.Release|Any CPU.Build.0 = Release|Any CPU
		{6100F27F-D346-4F18-841E-EEA2BD2CC08E}.Debug|Any CPU.ActiveCfg = Debug|Any CPU
		{6100F27F-D346-4F18-841E-EEA2BD2CC08E}.Debug|Any CPU.Build.0 = Debug|Any CPU
		{6100F27F-D346-4F18-841E-EEA2BD2CC08E}.Release|Any CPU.ActiveCfg = Release|Any CPU
		{6100F27F-D346-4F18-841E-EEA2BD2CC08E}.Release|Any CPU.Build.0 = Release|Any CPU
		{81412379-ABD5-4079-A32A-1C887FA74674}.Debug|Any CPU.ActiveCfg = Debug|Any CPU
		{81412379-ABD5-4079-A32A-1C887FA74674}.Debug|Any CPU.Build.0 = Debug|Any CPU
		{81412379-ABD5-4079-A32A-1C887FA74674}.Release|Any CPU.ActiveCfg = Release|Any CPU
		{81412379-ABD5-4079-A32A-1C887FA74674}.Release|Any CPU.Build.0 = Release|Any CPU
	EndGlobalSection
	GlobalSection(SolutionProperties) = preSolution
		HideSolutionNode = FALSE
	EndGlobalSection
	GlobalSection(NestedProjects) = preSolution
		{4A110EEC-7C79-4B44-9F6C-38259366076D} = {EA14AF63-0F5D-4938-9C87-6EC67A961DB3}
		{79429F2F-F2AC-4829-97F4-B55FDD037D9D} = {EA14AF63-0F5D-4938-9C87-6EC67A961DB3}
		{987B26C9-023D-4ECF-8A36-05F1B652B57F} = {EA14AF63-0F5D-4938-9C87-6EC67A961DB3}
		{0BF010FE-FA9D-4131-A832-E88C12A131DD} = {EA14AF63-0F5D-4938-9C87-6EC67A961DB3}
		{6C0D9A1D-6BC5-4830-82C5-FCC3502776C4} = {EA14AF63-0F5D-4938-9C87-6EC67A961DB3}
		{5952A5E6-0F93-4A63-A1E4-62EDC47CF9E7} = {EA14AF63-0F5D-4938-9C87-6EC67A961DB3}
		{23ED18B0-608C-4CB5-A70E-CB95C8B0231C} = {A65042E1-D8BC-48DD-8DE1-F0991F07EA77}
		{6C9280F6-6159-4E15-BDC6-F24A3A94F721} = {A65042E1-D8BC-48DD-8DE1-F0991F07EA77}
		{804797D1-A019-4846-9295-F2F409434B43} = {EA14AF63-0F5D-4938-9C87-6EC67A961DB3}
		{68DC97D4-3B2D-46FA-B6F9-A9A052C2EBA7} = {804797D1-A019-4846-9295-F2F409434B43}
		{93069114-A4EB-4ED6-A65D-CD0718A5171F} = {804797D1-A019-4846-9295-F2F409434B43}
		{58918B08-2D50-4044-8AF9-586B9B48DACF} = {EA14AF63-0F5D-4938-9C87-6EC67A961DB3}
		{4ED698DF-CE5D-4A52-B103-9F350DEAC03F} = {23ED18B0-608C-4CB5-A70E-CB95C8B0231C}
		{CD4C6A60-FA53-42A0-97D5-A0415FB19128} = {13AD1B51-4961-4ED5-8D22-6BF50F2EBECF}
		{CE239574-9291-41D8-8D82-2B605714DD6C} = {EA14AF63-0F5D-4938-9C87-6EC67A961DB3}
		{B6D3AEAE-ECDA-4047-A9BA-CC6DA3EBEDF8} = {EA14AF63-0F5D-4938-9C87-6EC67A961DB3}
		{484211DA-BEE5-4A57-B8A7-F3A93214578D} = {EA14AF63-0F5D-4938-9C87-6EC67A961DB3}
		{258D6BB8-9819-40A9-AA93-588DE871EBD8} = {EA14AF63-0F5D-4938-9C87-6EC67A961DB3}
		{6100F27F-D346-4F18-841E-EEA2BD2CC08E} = {EA14AF63-0F5D-4938-9C87-6EC67A961DB3}
		{81412379-ABD5-4079-A32A-1C887FA74674} = {EA14AF63-0F5D-4938-9C87-6EC67A961DB3}
	EndGlobalSection
	GlobalSection(ExtensibilityGlobals) = postSolution
		SolutionGuid = {CDFF439B-8888-4133-8734-86F4F899BC40}
	EndGlobalSection
	GlobalSection(MonoDevelopProperties) = preSolution
		StartupItem = src\ConsoleRunner\nunit-console-exe\nunit-console.exe.csproj
		Policies = $0
		$0.TextStylePolicy = $1
		$1.FileWidth = 80
		$1.TabsToSpaces = True
		$1.scope = text/x-csharp
		$0.CSharpFormattingPolicy = $2
		$2.scope = text/x-csharp
	EndGlobalSection
EndGlobal
