
Microsoft Visual Studio Solution File, Format Version 12.00
# Visual Studio 14
VisualStudioVersion = 14.0.25420.1
MinimumVisualStudioVersion = 10.0.40219.1
Project("{2150E333-8FDC-42A3-9474-1A3956D46DE8}") = "Solution Items", "Solution Items", "{A65042E1-D8BC-48DD-8DE1-F0991F07EA77}"
	ProjectSection(SolutionItems) = preProject
		.editorconfig = .editorconfig
		.travis.yml = .travis.yml
		appveyor.yml = appveyor.yml
		build.cake = build.cake
		build.cmd = build.cmd
		build.ps1 = build.ps1
		build.sh = build.sh
		CHANGES.txt = CHANGES.txt
		LICENSE.txt = LICENSE.txt
		NOTICES.txt = NOTICES.txt
		src\nunit.snk = src\nunit.snk
		README.md = README.md
		testcentric-gui.sln.licenseheader = testcentric-gui.sln.licenseheader
	EndProjectSection
EndProject
Project("{2150E333-8FDC-42A3-9474-1A3956D46DE8}") = "GuiException", "GuiException", "{35A92AA3-A1E6-426E-8D96-322F3EBF1C8D}"
EndProject
Project("{FAE04EC0-301F-11D3-BF4B-00C04F79EFBC}") = "nunit.uiexception.dll", "src\GuiException\UiException\nunit.uiexception.dll.csproj", "{3E87A106-EB20-4147-84C8-95B0BB43A1D4}"
EndProject
Project("{2150E333-8FDC-42A3-9474-1A3956D46DE8}") = "TestModel", "TestModel", "{C68900CC-C4E4-48D5-A2AC-267726E75C60}"
EndProject
Project("{2150E333-8FDC-42A3-9474-1A3956D46DE8}") = "tests", "tests", "{0F939442-8450-41CF-8BB7-FAA00866F4E4}"
EndProject
Project("{FAE04EC0-301F-11D3-BF4B-00C04F79EFBC}") = "test-utilities", "src\tests\test-utilities\test-utilities.csproj", "{3E63AD0F-24D4-46BE-BEE4-5A3299847D86}"
EndProject
Project("{FAE04EC0-301F-11D3-BF4B-00C04F79EFBC}") = "mock-assembly", "src\tests\mock-assembly\mock-assembly.csproj", "{2E368281-3BA8-4050-B05E-0E0E43F8F446}"
EndProject
Project("{FAE04EC0-301F-11D3-BF4B-00C04F79EFBC}") = "TestCentric.Gui.Model.Tests", "src\TestModel\tests\TestCentric.Gui.Model.Tests.csproj", "{49D8D9F5-FD8D-4B4F-800C-68DCEE9AE166}"
EndProject
Project("{FAE04EC0-301F-11D3-BF4B-00C04F79EFBC}") = "nunit.uiexception.tests", "src\GuiException\tests\nunit.uiexception.tests.csproj", "{092486D0-6AB9-4134-932F-0FDA10704455}"
EndProject
Project("{FAE04EC0-301F-11D3-BF4B-00C04F79EFBC}") = "TestCentric.Gui.Model", "src\TestModel\model\TestCentric.Gui.Model.csproj", "{E978A8D7-E4A4-4DE9-94DF-D82BD764936B}"
EndProject
Project("{2150E333-8FDC-42A3-9474-1A3956D46DE8}") = "TestCentric", "TestCentric", "{26735BF4-848E-4B3D-BA4D-E1366986F5BD}"
EndProject
Project("{FAE04EC0-301F-11D3-BF4B-00C04F79EFBC}") = "TestCentric.Gui.Exe", "src\TestCentric\testcentric.exe\TestCentric.Gui.Exe.csproj", "{AAB186A4-FA3D-404D-AD78-7EB5BB861655}"
EndProject
Project("{2150E333-8FDC-42A3-9474-1A3956D46DE8}") = "choco", "choco", "{7A082D44-4669-485E-AB71-5475978EE240}"
	ProjectSection(SolutionItems) = preProject
		choco\nunit-agent-x86.exe.ignore = choco\nunit-agent-x86.exe.ignore
		choco\nunit-agent.exe.ignore = choco\nunit-agent.exe.ignore
		choco\nunit.choco.addins = choco\nunit.choco.addins
		choco\testcentric-gui.nuspec = choco\testcentric-gui.nuspec
		choco\VERIFICATION.txt = choco\VERIFICATION.txt
	EndProjectSection
EndProject
Project("{FAE04EC0-301F-11D3-BF4B-00C04F79EFBC}") = "TestCentric.Gui.Tests", "src\TestCentric\tests\TestCentric.Gui.Tests.csproj", "{AAD27267-DE1F-4F61-A1FB-D1680A5B8001}"
EndProject
Project("{FAE04EC0-301F-11D3-BF4B-00C04F79EFBC}") = "TestCentric.Gui", "src\TestCentric\testcentric.gui\TestCentric.Gui.csproj", "{3FF340D5-D3B4-4DF0-BAF1-98B3C00B6148}"
EndProject
Project("{2150E333-8FDC-42A3-9474-1A3956D46DE8}") = "Common", "Common", "{0C0A29CA-1A18-4B1A-9262-F41C01E7E30F}"
EndProject
Project("{FAE04EC0-301F-11D3-BF4B-00C04F79EFBC}") = "TestCentric.Common", "src\Common\testcentric.common\TestCentric.Common.csproj", "{B69057F3-0663-4763-A3EC-50D463578B94}"
EndProject
Project("{2150E333-8FDC-42A3-9474-1A3956D46DE8}") = "Experimental", "Experimental", "{57B0C862-C6E4-42FA-9FFC-591CCA51FD27}"
EndProject
Project("{FAE04EC0-301F-11D3-BF4B-00C04F79EFBC}") = "Experimental.Gui", "src\Experimental\experimental-gui\Experimental.Gui.csproj", "{9E15166C-D2B7-4B24-AB1C-1C69FFCEC9D3}"
EndProject
Project("{FAE04EC0-301F-11D3-BF4B-00C04F79EFBC}") = "Experimental.Gui.Exe", "src\Experimental\experimental-exe\Experimental.Gui.Exe.csproj", "{D5556639-F04B-4389-92C8-E110D6688BA7}"
EndProject
Project("{FAE04EC0-301F-11D3-BF4B-00C04F79EFBC}") = "Experimental.Gui.Tests", "src\Experimental\tests\Experimental.Gui.Tests.csproj", "{96279B6C-981E-428F-B184-0831136ADD31}"
EndProject
Project("{FAE04EC0-301F-11D3-BF4B-00C04F79EFBC}") = "TestCentric.Gui.Components", "src\Common\components\TestCentric.Gui.Components.csproj", "{AC6DFB0E-C717-4FC4-B918-D6B789061212}"
EndProject
Global
	GlobalSection(SolutionConfigurationPlatforms) = preSolution
		Debug|Any CPU = Debug|Any CPU
		Release|Any CPU = Release|Any CPU
	EndGlobalSection
	GlobalSection(ProjectConfigurationPlatforms) = postSolution
		{3E87A106-EB20-4147-84C8-95B0BB43A1D4}.Debug|Any CPU.ActiveCfg = Debug|Any CPU
		{3E87A106-EB20-4147-84C8-95B0BB43A1D4}.Debug|Any CPU.Build.0 = Debug|Any CPU
		{3E87A106-EB20-4147-84C8-95B0BB43A1D4}.Release|Any CPU.ActiveCfg = Release|Any CPU
		{3E87A106-EB20-4147-84C8-95B0BB43A1D4}.Release|Any CPU.Build.0 = Release|Any CPU
		{3E63AD0F-24D4-46BE-BEE4-5A3299847D86}.Debug|Any CPU.ActiveCfg = Debug|Any CPU
		{3E63AD0F-24D4-46BE-BEE4-5A3299847D86}.Debug|Any CPU.Build.0 = Debug|Any CPU
		{3E63AD0F-24D4-46BE-BEE4-5A3299847D86}.Release|Any CPU.ActiveCfg = Release|Any CPU
		{3E63AD0F-24D4-46BE-BEE4-5A3299847D86}.Release|Any CPU.Build.0 = Release|Any CPU
		{2E368281-3BA8-4050-B05E-0E0E43F8F446}.Debug|Any CPU.ActiveCfg = Debug|Any CPU
		{2E368281-3BA8-4050-B05E-0E0E43F8F446}.Debug|Any CPU.Build.0 = Debug|Any CPU
		{2E368281-3BA8-4050-B05E-0E0E43F8F446}.Release|Any CPU.ActiveCfg = Release|Any CPU
		{2E368281-3BA8-4050-B05E-0E0E43F8F446}.Release|Any CPU.Build.0 = Release|Any CPU
		{49D8D9F5-FD8D-4B4F-800C-68DCEE9AE166}.Debug|Any CPU.ActiveCfg = Debug|Any CPU
		{49D8D9F5-FD8D-4B4F-800C-68DCEE9AE166}.Debug|Any CPU.Build.0 = Debug|Any CPU
		{49D8D9F5-FD8D-4B4F-800C-68DCEE9AE166}.Release|Any CPU.ActiveCfg = Release|Any CPU
		{49D8D9F5-FD8D-4B4F-800C-68DCEE9AE166}.Release|Any CPU.Build.0 = Release|Any CPU
		{092486D0-6AB9-4134-932F-0FDA10704455}.Debug|Any CPU.ActiveCfg = Debug|Any CPU
		{092486D0-6AB9-4134-932F-0FDA10704455}.Debug|Any CPU.Build.0 = Debug|Any CPU
		{092486D0-6AB9-4134-932F-0FDA10704455}.Release|Any CPU.ActiveCfg = Release|Any CPU
		{092486D0-6AB9-4134-932F-0FDA10704455}.Release|Any CPU.Build.0 = Release|Any CPU
		{E978A8D7-E4A4-4DE9-94DF-D82BD764936B}.Debug|Any CPU.ActiveCfg = Debug|Any CPU
		{E978A8D7-E4A4-4DE9-94DF-D82BD764936B}.Debug|Any CPU.Build.0 = Debug|Any CPU
		{E978A8D7-E4A4-4DE9-94DF-D82BD764936B}.Release|Any CPU.ActiveCfg = Release|Any CPU
		{E978A8D7-E4A4-4DE9-94DF-D82BD764936B}.Release|Any CPU.Build.0 = Release|Any CPU
		{AAB186A4-FA3D-404D-AD78-7EB5BB861655}.Debug|Any CPU.ActiveCfg = Debug|Any CPU
		{AAB186A4-FA3D-404D-AD78-7EB5BB861655}.Debug|Any CPU.Build.0 = Debug|Any CPU
		{AAB186A4-FA3D-404D-AD78-7EB5BB861655}.Release|Any CPU.ActiveCfg = Release|Any CPU
		{AAB186A4-FA3D-404D-AD78-7EB5BB861655}.Release|Any CPU.Build.0 = Release|Any CPU
		{AAD27267-DE1F-4F61-A1FB-D1680A5B8001}.Debug|Any CPU.ActiveCfg = Debug|Any CPU
		{AAD27267-DE1F-4F61-A1FB-D1680A5B8001}.Debug|Any CPU.Build.0 = Debug|Any CPU
		{AAD27267-DE1F-4F61-A1FB-D1680A5B8001}.Release|Any CPU.ActiveCfg = Release|Any CPU
		{AAD27267-DE1F-4F61-A1FB-D1680A5B8001}.Release|Any CPU.Build.0 = Release|Any CPU
		{3FF340D5-D3B4-4DF0-BAF1-98B3C00B6148}.Debug|Any CPU.ActiveCfg = Debug|Any CPU
		{3FF340D5-D3B4-4DF0-BAF1-98B3C00B6148}.Debug|Any CPU.Build.0 = Debug|Any CPU
		{3FF340D5-D3B4-4DF0-BAF1-98B3C00B6148}.Release|Any CPU.ActiveCfg = Release|Any CPU
		{3FF340D5-D3B4-4DF0-BAF1-98B3C00B6148}.Release|Any CPU.Build.0 = Release|Any CPU
		{B69057F3-0663-4763-A3EC-50D463578B94}.Debug|Any CPU.ActiveCfg = Debug|Any CPU
		{B69057F3-0663-4763-A3EC-50D463578B94}.Debug|Any CPU.Build.0 = Debug|Any CPU
		{B69057F3-0663-4763-A3EC-50D463578B94}.Release|Any CPU.ActiveCfg = Release|Any CPU
		{B69057F3-0663-4763-A3EC-50D463578B94}.Release|Any CPU.Build.0 = Release|Any CPU
		{9E15166C-D2B7-4B24-AB1C-1C69FFCEC9D3}.Debug|Any CPU.ActiveCfg = Debug|Any CPU
		{9E15166C-D2B7-4B24-AB1C-1C69FFCEC9D3}.Debug|Any CPU.Build.0 = Debug|Any CPU
		{9E15166C-D2B7-4B24-AB1C-1C69FFCEC9D3}.Release|Any CPU.ActiveCfg = Release|Any CPU
		{9E15166C-D2B7-4B24-AB1C-1C69FFCEC9D3}.Release|Any CPU.Build.0 = Release|Any CPU
		{D5556639-F04B-4389-92C8-E110D6688BA7}.Debug|Any CPU.ActiveCfg = Debug|Any CPU
		{D5556639-F04B-4389-92C8-E110D6688BA7}.Debug|Any CPU.Build.0 = Debug|Any CPU
		{D5556639-F04B-4389-92C8-E110D6688BA7}.Release|Any CPU.ActiveCfg = Release|Any CPU
		{D5556639-F04B-4389-92C8-E110D6688BA7}.Release|Any CPU.Build.0 = Release|Any CPU
		{96279B6C-981E-428F-B184-0831136ADD31}.Debug|Any CPU.ActiveCfg = Debug|Any CPU
		{96279B6C-981E-428F-B184-0831136ADD31}.Debug|Any CPU.Build.0 = Debug|Any CPU
		{96279B6C-981E-428F-B184-0831136ADD31}.Release|Any CPU.ActiveCfg = Release|Any CPU
		{96279B6C-981E-428F-B184-0831136ADD31}.Release|Any CPU.Build.0 = Release|Any CPU
		{AC6DFB0E-C717-4FC4-B918-D6B789061212}.Debug|Any CPU.ActiveCfg = Debug|Any CPU
		{AC6DFB0E-C717-4FC4-B918-D6B789061212}.Debug|Any CPU.Build.0 = Debug|Any CPU
		{AC6DFB0E-C717-4FC4-B918-D6B789061212}.Release|Any CPU.ActiveCfg = Release|Any CPU
		{AC6DFB0E-C717-4FC4-B918-D6B789061212}.Release|Any CPU.Build.0 = Release|Any CPU
	EndGlobalSection
	GlobalSection(SolutionProperties) = preSolution
		HideSolutionNode = FALSE
	EndGlobalSection
	GlobalSection(NestedProjects) = preSolution
		{3E87A106-EB20-4147-84C8-95B0BB43A1D4} = {35A92AA3-A1E6-426E-8D96-322F3EBF1C8D}
		{3E63AD0F-24D4-46BE-BEE4-5A3299847D86} = {0F939442-8450-41CF-8BB7-FAA00866F4E4}
		{2E368281-3BA8-4050-B05E-0E0E43F8F446} = {0F939442-8450-41CF-8BB7-FAA00866F4E4}
		{49D8D9F5-FD8D-4B4F-800C-68DCEE9AE166} = {C68900CC-C4E4-48D5-A2AC-267726E75C60}
		{092486D0-6AB9-4134-932F-0FDA10704455} = {35A92AA3-A1E6-426E-8D96-322F3EBF1C8D}
		{E978A8D7-E4A4-4DE9-94DF-D82BD764936B} = {C68900CC-C4E4-48D5-A2AC-267726E75C60}
		{AAB186A4-FA3D-404D-AD78-7EB5BB861655} = {26735BF4-848E-4B3D-BA4D-E1366986F5BD}
		{7A082D44-4669-485E-AB71-5475978EE240} = {A65042E1-D8BC-48DD-8DE1-F0991F07EA77}
		{AAD27267-DE1F-4F61-A1FB-D1680A5B8001} = {26735BF4-848E-4B3D-BA4D-E1366986F5BD}
		{3FF340D5-D3B4-4DF0-BAF1-98B3C00B6148} = {26735BF4-848E-4B3D-BA4D-E1366986F5BD}
		{B69057F3-0663-4763-A3EC-50D463578B94} = {0C0A29CA-1A18-4B1A-9262-F41C01E7E30F}
		{9E15166C-D2B7-4B24-AB1C-1C69FFCEC9D3} = {57B0C862-C6E4-42FA-9FFC-591CCA51FD27}
		{D5556639-F04B-4389-92C8-E110D6688BA7} = {57B0C862-C6E4-42FA-9FFC-591CCA51FD27}
		{96279B6C-981E-428F-B184-0831136ADD31} = {57B0C862-C6E4-42FA-9FFC-591CCA51FD27}
		{AC6DFB0E-C717-4FC4-B918-D6B789061212} = {0C0A29CA-1A18-4B1A-9262-F41C01E7E30F}
	EndGlobalSection
	GlobalSection(ExtensibilityGlobals) = postSolution
		SolutionGuid = {CDFF439B-8888-4133-8734-86F4F899BC40}
	EndGlobalSection
	GlobalSection(MonoDevelopProperties) = preSolution
		StartupItem = src\ConsoleRunner\nunit-console-exe\nunit-console.exe.csproj
		Policies = $0
		$0.TextStylePolicy = $1
		$1.FileWidth = 80
		$1.TabsToSpaces = True
		$1.scope = text/x-csharp
		$0.CSharpFormattingPolicy = $2
		$2.scope = text/x-csharp
	EndGlobalSection
EndGlobal
